
Microsoft Visual Studio Solution File, Format Version 12.00
# Visual Studio Version 17
VisualStudioVersion = 17.0.31903.59
MinimumVisualStudioVersion = 10.0.40219.1
Project("{2150E333-8FDC-42A3-9474-1A3956D46DE8}") = "src", "src", "{827E0CD3-B72D-47B6-A68D-7590B98EB39B}"
EndProject
Project("{2150E333-8FDC-42A3-9474-1A3956D46DE8}") = "core", "core", "{B6B6A55F-1234-5678-BFEF-9A23A58B3B3D}"
EndProject
Project("{2150E333-8FDC-42A3-9474-1A3956D46DE8}") = "presentation", "presentation", "{C9C9A55F-8765-4321-BFEF-9A23A58B3B3D}"
EndProject
Project("{2150E333-8FDC-42A3-9474-1A3956D46DE8}") = "infrastructure", "infrastructure", "{F7D2A55F-4325-46E4-BFEF-9A23A58B3B3D}"
EndProject
Project("{2150E333-8FDC-42A3-9474-1A3956D46DE8}") = "tests", "tests", "{0AB3BF05-4346-4AA6-1389-037BE0695223}"
EndProject
Project("{FAE04EC0-301F-11D3-BF4B-00C04F79EFBC}") = "NoBolso.Api", "src\NoBolso.Api\NoBolso.Api.csproj", "{6AC1E92C-59FE-43B9-837C-3C3CA72C4669}"
EndProject
Project("{FAE04EC0-301F-11D3-BF4B-00C04F79EFBC}") = "NoBolso.Domain", "src\NoBolso.Domain\NoBolso.Domain.csproj", "{046D894E-6D31-4EAE-8086-E52090C19606}"
EndProject
Project("{FAE04EC0-301F-11D3-BF4B-00C04F79EFBC}") = "NoBolso.Application", "src\NoBolso.Application\NoBolso.Application.csproj", "{86BA4F87-CCAE-4C5D-AC3F-2660B2EA1147}"
EndProject
Project("{FAE04EC0-301F-11D3-BF4B-00C04F79EFBC}") = "NoBolso.Infrastructure", "src\NoBolso.Infrastructure\NoBolso.Infrastructure.csproj", "{AEFD08DC-7CB7-429F-9C1B-59BB15066256}"
EndProject
Project("{FAE04EC0-301F-11D3-BF4B-00C04F79EFBC}") = "NoBolso.UnitTests", "tests\NoBolso.UnitTests\NoBolso.UnitTests.csproj", "{7D2ECF3E-8486-4994-A257-C85FE26EB133}"
EndProject
Project("{FAE04EC0-301F-11D3-BF4B-00C04F79EFBC}") = "NoBolso.IntegrationTests", "tests\NoBolso.IntegrationTests\NoBolso.IntegrationTests.csproj", "{40D70959-E5A4-4294-BF8D-917BF716908E}"
EndProject
Global
	GlobalSection(SolutionConfigurationPlatforms) = preSolution
		Debug|Any CPU = Debug|Any CPU
		Release|Any CPU = Release|Any CPU
	EndGlobalSection
	GlobalSection(ProjectConfigurationPlatforms) = postSolution
		{6AC1E92C-59FE-43B9-837C-3C3CA72C4669}.Debug|Any CPU.ActiveCfg = Debug|Any CPU
		{6AC1E92C-59FE-43B9-837C-3C3CA72C4669}.Debug|Any CPU.Build.0 = Debug|Any CPU
		{6AC1E92C-59FE-43B9-837C-3C3CA72C4669}.Release|Any CPU.ActiveCfg = Release|Any CPU
		{6AC1E92C-59FE-43B9-837C-3C3CA72C4669}.Release|Any CPU.Build.0 = Release|Any CPU
		{046D894E-6D31-4EAE-8086-E52090C19606}.Debug|Any CPU.ActiveCfg = Debug|Any CPU
		{046D894E-6D31-4EAE-8086-E52090C19606}.Debug|Any CPU.Build.0 = Debug|Any CPU
		{046D894E-6D31-4EAE-8086-E52090C19606}.Release|Any CPU.ActiveCfg = Release|Any CPU
		{046D894E-6D31-4EAE-8086-E52090C19606}.Release|Any CPU.Build.0 = Release|Any CPU
		{86BA4F87-CCAE-4C5D-AC3F-2660B2EA1147}.Debug|Any CPU.ActiveCfg = Debug|Any CPU
		{86BA4F87-CCAE-4C5D-AC3F-2660B2EA1147}.Debug|Any CPU.Build.0 = Debug|Any CPU
		{86BA4F87-CCAE-4C5D-AC3F-2660B2EA1147}.Release|Any CPU.ActiveCfg = Release|Any CPU
		{86BA4F87-CCAE-4C5D-AC3F-2660B2EA1147}.Release|Any CPU.Build.0 = Release|Any CPU
		{AEFD08DC-7CB7-429F-9C1B-59BB15066256}.Debug|Any CPU.ActiveCfg = Debug|Any CPU
		{AEFD08DC-7CB7-429F-9C1B-59BB15066256}.Debug|Any CPU.Build.0 = Debug|Any CPU
		{AEFD08DC-7CB7-429F-9C1B-59BB15066256}.Release|Any CPU.ActiveCfg = Release|Any CPU
		{AEFD08DC-7CB7-429F-9C1B-59BB15066256}.Release|Any CPU.Build.0 = Release|Any CPU
		{7D2ECF3E-8486-4994-A257-C85FE26EB133}.Debug|Any CPU.ActiveCfg = Debug|Any CPU
		{7D2ECF3E-8486-4994-A257-C85FE26EB133}.Debug|Any CPU.Build.0 = Debug|Any CPU
		{7D2ECF3E-8486-4994-A257-C85FE26EB133}.Release|Any CPU.ActiveCfg = Release|Any CPU
		{7D2ECF3E-8486-4994-A257-C85FE26EB133}.Release|Any CPU.Build.0 = Release|Any CPU
		{40D70959-E5A4-4294-BF8D-917BF716908E}.Debug|Any CPU.ActiveCfg = Debug|Any CPU
		{40D70959-E5A4-4294-BF8D-917BF716908E}.Debug|Any CPU.Build.0 = Debug|Any CPU
		{40D70959-E5A4-4294-BF8D-917BF716908E}.Release|Any CPU.ActiveCfg = Release|Any CPU
		{40D70959-E5A4-4294-BF8D-917BF716908E}.Release|Any CPU.Build.0 = Release|Any CPU
	EndGlobalSection
	GlobalSection(SolutionProperties) = preSolution
		HideSolutionNode = FALSE
	EndGlobalSection
	GlobalSection(NestedProjects) = preSolution
		{B6B6A55F-1234-5678-BFEF-9A23A58B3B3D} = {827E0CD3-B72D-47B6-A68D-7590B98EB39B}
		{C9C9A55F-8765-4321-BFEF-9A23A58B3B3D} = {827E0CD3-B72D-47B6-A68D-7590B98EB39B}
		{F7D2A55F-4325-46E4-BFEF-9A23A58B3B3D} = {827E0CD3-B72D-47B6-A68D-7590B98EB39B}
		{046D894E-6D31-4EAE-8086-E52090C19606} = {B6B6A55F-1234-5678-BFEF-9A23A58B3B3D}
		{86BA4F87-CCAE-4C5D-AC3F-2660B2EA1147} = {B6B6A55F-1234-5678-BFEF-9A23A58B3B3D}
		{6AC1E92C-59FE-43B9-837C-3C3CA72C4669} = {C9C9A55F-8765-4321-BFEF-9A23A58B3B3D}
		{AEFD08DC-7CB7-429F-9C1B-59BB15066256} = {F7D2A55F-4325-46E4-BFEF-9A23A58B3B3D}
		{7D2ECF3E-8486-4994-A257-C85FE26EB133} = {0AB3BF05-4346-4AA6-1389-037BE0695223}
		{40D70959-E5A4-4294-BF8D-917BF716908E} = {0AB3BF05-4346-4AA6-1389-037BE0695223}
	EndGlobalSection
EndGlobal
